
Microsoft Visual Studio Solution File, Format Version 12.00
# Visual Studio Version 17
VisualStudioVersion = 17.10.35027.167
MinimumVisualStudioVersion = 10.0.40219.1
Project("{FAE04EC0-301F-11D3-BF4B-00C04F79EFBC}") = "W7P5", "W7P5.csproj", "{0CAF9109-0156-4648-A967-1FEB18FDC7EE}"
EndProject
Global
	GlobalSection(SolutionConfigurationPlatforms) = preSolution
		Debug|Any CPU = Debug|Any CPU
		Release|Any CPU = Release|Any CPU
	EndGlobalSection
	GlobalSection(ProjectConfigurationPlatforms) = postSolution
		{0CAF9109-0156-4648-A967-1FEB18FDC7EE}.Debug|Any CPU.ActiveCfg = Debug|Any CPU
		{0CAF9109-0156-4648-A967-1FEB18FDC7EE}.Debug|Any CPU.Build.0 = Debug|Any CPU
		{0CAF9109-0156-4648-A967-1FEB18FDC7EE}.Release|Any CPU.ActiveCfg = Release|Any CPU
		{0CAF9109-0156-4648-A967-1FEB18FDC7EE}.Release|Any CPU.Build.0 = Release|Any CPU
	EndGlobalSection
	GlobalSection(SolutionProperties) = preSolution
		HideSolutionNode = FALSE
	EndGlobalSection
	GlobalSection(ExtensibilityGlobals) = postSolution
		SolutionGuid = {2F0435FC-9723-436D-8DB9-043F82B41F62}
	EndGlobalSection
EndGlobal
